
Microsoft Visual Studio Solution File, Format Version 12.00
# Visual Studio Version 16
VisualStudioVersion = 25.0.1706.4
MinimumVisualStudioVersion = 10.0.40219.1
Project("{FAE04EC0-301F-11D3-BF4B-00C04F79EFBC}") = "BankEncapsulation", "BankEncapsulation.csproj", "{FEF449C5-F039-4F22-A17F-7F1511115E48}"
EndProject
Global
	GlobalSection(SolutionConfigurationPlatforms) = preSolution
		Debug|Any CPU = Debug|Any CPU
		Release|Any CPU = Release|Any CPU
	EndGlobalSection
	GlobalSection(ProjectConfigurationPlatforms) = postSolution
		{FEF449C5-F039-4F22-A17F-7F1511115E48}.Debug|Any CPU.ActiveCfg = Debug|Any CPU
		{FEF449C5-F039-4F22-A17F-7F1511115E48}.Debug|Any CPU.Build.0 = Debug|Any CPU
		{FEF449C5-F039-4F22-A17F-7F1511115E48}.Release|Any CPU.ActiveCfg = Release|Any CPU
		{FEF449C5-F039-4F22-A17F-7F1511115E48}.Release|Any CPU.Build.0 = Release|Any CPU
	EndGlobalSection
	GlobalSection(SolutionProperties) = preSolution
		HideSolutionNode = FALSE
	EndGlobalSection
	GlobalSection(ExtensibilityGlobals) = postSolution
		SolutionGuid = {B7724126-D095-4AED-A020-A22BA7700FB1}
	EndGlobalSection
EndGlobal
